
Microsoft Visual Studio Solution File, Format Version 12.00
# Visual Studio Version 17
VisualStudioVersion = 17.0.31903.59
MinimumVisualStudioVersion = 10.0.40219.1
Project("{FAE04EC0-301F-11D3-BF4B-00C04F79EFBC}") = "YouAreNotTheFish.Core", "YouAreNotTheFish.Core\YouAreNotTheFish.Core.csproj", "{F32CD261-F3C3-4126-959D-3792037B44A2}"
EndProject
Project("{FAE04EC0-301F-11D3-BF4B-00C04F79EFBC}") = "YouAreNotTheFish.Core.Tests", "YouAreNotTheFish.Core.Tests\YouAreNotTheFish.Core.Tests.csproj", "{A939F8EF-E9AC-489C-9F49-40145FC07C37}"
EndProject
Project("{FAE04EC0-301F-11D3-BF4B-00C04F79EFBC}") = "YouAreNotTheFish.Console", "YouAreNotTheFish.Console\YouAreNotTheFish.Console.csproj", "{39E4C6B3-1A3B-4A22-9BC7-178F165170FE}"
EndProject
Global
	GlobalSection(SolutionConfigurationPlatforms) = preSolution
		Debug|Any CPU = Debug|Any CPU
		Release|Any CPU = Release|Any CPU
	EndGlobalSection
	GlobalSection(SolutionProperties) = preSolution
		HideSolutionNode = FALSE
	EndGlobalSection
	GlobalSection(ProjectConfigurationPlatforms) = postSolution
		{F32CD261-F3C3-4126-959D-3792037B44A2}.Debug|Any CPU.ActiveCfg = Debug|Any CPU
		{F32CD261-F3C3-4126-959D-3792037B44A2}.Debug|Any CPU.Build.0 = Debug|Any CPU
		{F32CD261-F3C3-4126-959D-3792037B44A2}.Release|Any CPU.ActiveCfg = Release|Any CPU
		{F32CD261-F3C3-4126-959D-3792037B44A2}.Release|Any CPU.Build.0 = Release|Any CPU
		{A939F8EF-E9AC-489C-9F49-40145FC07C37}.Debug|Any CPU.ActiveCfg = Debug|Any CPU
		{A939F8EF-E9AC-489C-9F49-40145FC07C37}.Debug|Any CPU.Build.0 = Debug|Any CPU
		{A939F8EF-E9AC-489C-9F49-40145FC07C37}.Release|Any CPU.ActiveCfg = Release|Any CPU
		{A939F8EF-E9AC-489C-9F49-40145FC07C37}.Release|Any CPU.Build.0 = Release|Any CPU
		{39E4C6B3-1A3B-4A22-9BC7-178F165170FE}.Debug|Any CPU.ActiveCfg = Debug|Any CPU
		{39E4C6B3-1A3B-4A22-9BC7-178F165170FE}.Debug|Any CPU.Build.0 = Debug|Any CPU
		{39E4C6B3-1A3B-4A22-9BC7-178F165170FE}.Release|Any CPU.ActiveCfg = Release|Any CPU
		{39E4C6B3-1A3B-4A22-9BC7-178F165170FE}.Release|Any CPU.Build.0 = Release|Any CPU
	EndGlobalSection
EndGlobal
